
Microsoft Visual Studio Solution File, Format Version 12.00
# Visual Studio Version 17
VisualStudioVersion = 17.0.31903.59
MinimumVisualStudioVersion = 10.0.40219.1
Project("{FAE04EC0-301F-11D3-BF4B-00C04F79EFBC}") = "ReachGraphicsDemo", "ReachGraphicsDemo\ReachGraphicsDemo.csproj", "{8B095E2D-759D-4A8B-8479-69D8A2E16692}"
EndProject
Project("{FAE04EC0-301F-11D3-BF4B-00C04F79EFBC}") = "DataTypes", "DataTypes\DataTypes.csproj", "{AF76FDD8-5C0C-44EA-8C21-7A21F6F97AF7}"
EndProject
Project("{FAE04EC0-301F-11D3-BF4B-00C04F79EFBC}") = "ContentPipelineExtension", "ContentPipelineExtension\ContentPipelineExtension.csproj", "{553B4551-97DD-415C-994C-10A597F69345}"
EndProject
Global
	GlobalSection(SolutionConfigurationPlatforms) = preSolution
		Debug|Any CPU = Debug|Any CPU
		Release|Any CPU = Release|Any CPU
	EndGlobalSection
	GlobalSection(SolutionProperties) = preSolution
		HideSolutionNode = FALSE
	EndGlobalSection
	GlobalSection(ProjectConfigurationPlatforms) = postSolution
		{8B095E2D-759D-4A8B-8479-69D8A2E16692}.Debug|Any CPU.ActiveCfg = Debug|Any CPU
		{8B095E2D-759D-4A8B-8479-69D8A2E16692}.Debug|Any CPU.Build.0 = Debug|Any CPU
		{8B095E2D-759D-4A8B-8479-69D8A2E16692}.Release|Any CPU.ActiveCfg = Release|Any CPU
		{8B095E2D-759D-4A8B-8479-69D8A2E16692}.Release|Any CPU.Build.0 = Release|Any CPU
		{AF76FDD8-5C0C-44EA-8C21-7A21F6F97AF7}.Debug|Any CPU.ActiveCfg = Debug|Any CPU
		{AF76FDD8-5C0C-44EA-8C21-7A21F6F97AF7}.Debug|Any CPU.Build.0 = Debug|Any CPU
		{AF76FDD8-5C0C-44EA-8C21-7A21F6F97AF7}.Release|Any CPU.ActiveCfg = Release|Any CPU
		{AF76FDD8-5C0C-44EA-8C21-7A21F6F97AF7}.Release|Any CPU.Build.0 = Release|Any CPU
		{553B4551-97DD-415C-994C-10A597F69345}.Debug|Any CPU.ActiveCfg = Debug|Any CPU
		{553B4551-97DD-415C-994C-10A597F69345}.Debug|Any CPU.Build.0 = Debug|Any CPU
		{553B4551-97DD-415C-994C-10A597F69345}.Release|Any CPU.ActiveCfg = Release|Any CPU
		{553B4551-97DD-415C-994C-10A597F69345}.Release|Any CPU.Build.0 = Release|Any CPU
	EndGlobalSection
EndGlobal
